
Microsoft Visual Studio Solution File, Format Version 12.00
# Visual Studio 15
Project("{FAE04EC0-301F-11D3-BF4B-00C04F79EFBC}") = "UnityEngine.TestRunner", "UnityEngine.TestRunner.csproj", "{ED67E982-0377-AC56-5040-1E6804815057}"
EndProject
Project("{FAE04EC0-301F-11D3-BF4B-00C04F79EFBC}") = "Unity.Timeline", "Unity.Timeline.csproj", "{E37DC308-90FD-C6B8-7FCB-D7FAB28BD601}"
EndProject
Project("{FAE04EC0-301F-11D3-BF4B-00C04F79EFBC}") = "UnityEngine.UI", "UnityEngine.UI.csproj", "{02866598-E07C-9719-E27D-748BFB1B8AEB}"
EndProject
Project("{FAE04EC0-301F-11D3-BF4B-00C04F79EFBC}") = "Unity.TextMeshPro", "Unity.TextMeshPro.csproj", "{C45780F0-04A2-39A9-3923-7B3B85C4463B}"
EndProject
Project("{FAE04EC0-301F-11D3-BF4B-00C04F79EFBC}") = "Assembly-CSharp", "Assembly-CSharp.csproj", "{8236BC0E-AC18-BD36-DAEF-D4293BE6213C}"
EndProject
Project("{FAE04EC0-301F-11D3-BF4B-00C04F79EFBC}") = "UnityEditor.TestRunner", "UnityEditor.TestRunner.csproj", "{607ACCFD-1475-25DA-DADD-F0047E594677}"
EndProject
Project("{FAE04EC0-301F-11D3-BF4B-00C04F79EFBC}") = "Unity.PlasticSCM.Editor", "Unity.PlasticSCM.Editor.csproj", "{14FA4E37-2B99-EB55-F25A-36ED25058E80}"
EndProject
Project("{FAE04EC0-301F-11D3-BF4B-00C04F79EFBC}") = "UnityEditor.UI", "UnityEditor.UI.csproj", "{8032D0AB-FFFE-4FBB-594B-CDC9E7E22501}"
EndProject
Project("{FAE04EC0-301F-11D3-BF4B-00C04F79EFBC}") = "Unity.Timeline.Editor", "Unity.Timeline.Editor.csproj", "{331811C8-A6A2-3E05-F0DC-2E079AEF3ADF}"
EndProject
Project("{FAE04EC0-301F-11D3-BF4B-00C04F79EFBC}") = "Unity.VisualStudio.Editor", "Unity.VisualStudio.Editor.csproj", "{3E3DADB1-766C-6C69-C56F-C8BE62F5D570}"
EndProject
Project("{FAE04EC0-301F-11D3-BF4B-00C04F79EFBC}") = "Unity.TextMeshPro.Editor", "Unity.TextMeshPro.Editor.csproj", "{BE281AE0-E61A-937C-C90F-DDB25F5A6649}"
EndProject
Project("{FAE04EC0-301F-11D3-BF4B-00C04F79EFBC}") = "Unity.CollabProxy.Editor", "Unity.CollabProxy.Editor.csproj", "{B6176036-68FB-004F-8FBA-B9DB128FB84A}"
EndProject
Project("{FAE04EC0-301F-11D3-BF4B-00C04F79EFBC}") = "Unity.Rider.Editor", "Unity.Rider.Editor.csproj", "{DEDD835C-8904-1F7A-5233-F088D8EB726C}"
EndProject
Project("{FAE04EC0-301F-11D3-BF4B-00C04F79EFBC}") = "Unity.VSCode.Editor", "Unity.VSCode.Editor.csproj", "{63DD4EA3-5A89-F929-5BAC-F4BF8D2E473B}"
EndProject
Global
	GlobalSection(SolutionConfigurationPlatforms) = preSolution
		Debug|Any CPU = Debug|Any CPU
		Release|Any CPU = Release|Any CPU
	EndGlobalSection
	GlobalSection(ProjectConfigurationPlatforms) = postSolution
		{ED67E982-0377-AC56-5040-1E6804815057}.Debug|Any CPU.ActiveCfg = Debug|Any CPU
		{ED67E982-0377-AC56-5040-1E6804815057}.Debug|Any CPU.Build.0 = Debug|Any CPU
		{ED67E982-0377-AC56-5040-1E6804815057}.Release|Any CPU.ActiveCfg = Release|Any CPU
		{ED67E982-0377-AC56-5040-1E6804815057}.Release|Any CPU.Build.0 = Release|Any CPU
		{E37DC308-90FD-C6B8-7FCB-D7FAB28BD601}.Debug|Any CPU.ActiveCfg = Debug|Any CPU
		{E37DC308-90FD-C6B8-7FCB-D7FAB28BD601}.Debug|Any CPU.Build.0 = Debug|Any CPU
		{E37DC308-90FD-C6B8-7FCB-D7FAB28BD601}.Release|Any CPU.ActiveCfg = Release|Any CPU
		{E37DC308-90FD-C6B8-7FCB-D7FAB28BD601}.Release|Any CPU.Build.0 = Release|Any CPU
		{02866598-E07C-9719-E27D-748BFB1B8AEB}.Debug|Any CPU.ActiveCfg = Debug|Any CPU
		{02866598-E07C-9719-E27D-748BFB1B8AEB}.Debug|Any CPU.Build.0 = Debug|Any CPU
		{02866598-E07C-9719-E27D-748BFB1B8AEB}.Release|Any CPU.ActiveCfg = Release|Any CPU
		{02866598-E07C-9719-E27D-748BFB1B8AEB}.Release|Any CPU.Build.0 = Release|Any CPU
		{C45780F0-04A2-39A9-3923-7B3B85C4463B}.Debug|Any CPU.ActiveCfg = Debug|Any CPU
		{C45780F0-04A2-39A9-3923-7B3B85C4463B}.Debug|Any CPU.Build.0 = Debug|Any CPU
		{C45780F0-04A2-39A9-3923-7B3B85C4463B}.Release|Any CPU.ActiveCfg = Release|Any CPU
		{C45780F0-04A2-39A9-3923-7B3B85C4463B}.Release|Any CPU.Build.0 = Release|Any CPU
		{8236BC0E-AC18-BD36-DAEF-D4293BE6213C}.Debug|Any CPU.ActiveCfg = Debug|Any CPU
		{8236BC0E-AC18-BD36-DAEF-D4293BE6213C}.Debug|Any CPU.Build.0 = Debug|Any CPU
		{8236BC0E-AC18-BD36-DAEF-D4293BE6213C}.Release|Any CPU.ActiveCfg = Release|Any CPU
		{8236BC0E-AC18-BD36-DAEF-D4293BE6213C}.Release|Any CPU.Build.0 = Release|Any CPU
		{607ACCFD-1475-25DA-DADD-F0047E594677}.Debug|Any CPU.ActiveCfg = Debug|Any CPU
		{607ACCFD-1475-25DA-DADD-F0047E594677}.Debug|Any CPU.Build.0 = Debug|Any CPU
		{607ACCFD-1475-25DA-DADD-F0047E594677}.Release|Any CPU.ActiveCfg = Release|Any CPU
		{607ACCFD-1475-25DA-DADD-F0047E594677}.Release|Any CPU.Build.0 = Release|Any CPU
		{14FA4E37-2B99-EB55-F25A-36ED25058E80}.Debug|Any CPU.ActiveCfg = Debug|Any CPU
		{14FA4E37-2B99-EB55-F25A-36ED25058E80}.Debug|Any CPU.Build.0 = Debug|Any CPU
		{14FA4E37-2B99-EB55-F25A-36ED25058E80}.Release|Any CPU.ActiveCfg = Release|Any CPU
		{14FA4E37-2B99-EB55-F25A-36ED25058E80}.Release|Any CPU.Build.0 = Release|Any CPU
		{8032D0AB-FFFE-4FBB-594B-CDC9E7E22501}.Debug|Any CPU.ActiveCfg = Debug|Any CPU
		{8032D0AB-FFFE-4FBB-594B-CDC9E7E22501}.Debug|Any CPU.Build.0 = Debug|Any CPU
		{8032D0AB-FFFE-4FBB-594B-CDC9E7E22501}.Release|Any CPU.ActiveCfg = Release|Any CPU
		{8032D0AB-FFFE-4FBB-594B-CDC9E7E22501}.Release|Any CPU.Build.0 = Release|Any CPU
		{331811C8-A6A2-3E05-F0DC-2E079AEF3ADF}.Debug|Any CPU.ActiveCfg = Debug|Any CPU
		{331811C8-A6A2-3E05-F0DC-2E079AEF3ADF}.Debug|Any CPU.Build.0 = Debug|Any CPU
		{331811C8-A6A2-3E05-F0DC-2E079AEF3ADF}.Release|Any CPU.ActiveCfg = Release|Any CPU
		{331811C8-A6A2-3E05-F0DC-2E079AEF3ADF}.Release|Any CPU.Build.0 = Release|Any CPU
		{3E3DADB1-766C-6C69-C56F-C8BE62F5D570}.Debug|Any CPU.ActiveCfg = Debug|Any CPU
		{3E3DADB1-766C-6C69-C56F-C8BE62F5D570}.Debug|Any CPU.Build.0 = Debug|Any CPU
		{3E3DADB1-766C-6C69-C56F-C8BE62F5D570}.Release|Any CPU.ActiveCfg = Release|Any CPU
		{3E3DADB1-766C-6C69-C56F-C8BE62F5D570}.Release|Any CPU.Build.0 = Release|Any CPU
		{BE281AE0-E61A-937C-C90F-DDB25F5A6649}.Debug|Any CPU.ActiveCfg = Debug|Any CPU
		{BE281AE0-E61A-937C-C90F-DDB25F5A6649}.Debug|Any CPU.Build.0 = Debug|Any CPU
		{BE281AE0-E61A-937C-C90F-DDB25F5A6649}.Release|Any CPU.ActiveCfg = Release|Any CPU
		{BE281AE0-E61A-937C-C90F-DDB25F5A6649}.Release|Any CPU.Build.0 = Release|Any CPU
		{B6176036-68FB-004F-8FBA-B9DB128FB84A}.Debug|Any CPU.ActiveCfg = Debug|Any CPU
		{B6176036-68FB-004F-8FBA-B9DB128FB84A}.Debug|Any CPU.Build.0 = Debug|Any CPU
		{B6176036-68FB-004F-8FBA-B9DB128FB84A}.Release|Any CPU.ActiveCfg = Release|Any CPU
		{B6176036-68FB-004F-8FBA-B9DB128FB84A}.Release|Any CPU.Build.0 = Release|Any CPU
		{DEDD835C-8904-1F7A-5233-F088D8EB726C}.Debug|Any CPU.ActiveCfg = Debug|Any CPU
		{DEDD835C-8904-1F7A-5233-F088D8EB726C}.Debug|Any CPU.Build.0 = Debug|Any CPU
		{DEDD835C-8904-1F7A-5233-F088D8EB726C}.Release|Any CPU.ActiveCfg = Release|Any CPU
		{DEDD835C-8904-1F7A-5233-F088D8EB726C}.Release|Any CPU.Build.0 = Release|Any CPU
		{63DD4EA3-5A89-F929-5BAC-F4BF8D2E473B}.Debug|Any CPU.ActiveCfg = Debug|Any CPU
		{63DD4EA3-5A89-F929-5BAC-F4BF8D2E473B}.Debug|Any CPU.Build.0 = Debug|Any CPU
		{63DD4EA3-5A89-F929-5BAC-F4BF8D2E473B}.Release|Any CPU.ActiveCfg = Release|Any CPU
		{63DD4EA3-5A89-F929-5BAC-F4BF8D2E473B}.Release|Any CPU.Build.0 = Release|Any CPU
	EndGlobalSection
	GlobalSection(SolutionProperties) = preSolution
		HideSolutionNode = FALSE
	EndGlobalSection
EndGlobal
